// !$*UTF8*$!
{
	archiveVersion = 1;
	classes = {
	};
	objectVersion = 51;
	objects = {

/* Begin PBXBuildFile section */
		11B9FDE92471ABFD00A0D081 /* AppDelegate.swift in Sources */ = {isa = PBXBuildFile; fileRef = 11B9FDE82471ABFD00A0D081 /* AppDelegate.swift */; };
		11B9FDEB2471ABFD00A0D081 /* SceneDelegate.swift in Sources */ = {isa = PBXBuildFile; fileRef = 11B9FDEA2471ABFD00A0D081 /* SceneDelegate.swift */; };
		11B9FDED2471ABFD00A0D081 /* ViewController.swift in Sources */ = {isa = PBXBuildFile; fileRef = 11B9FDEC2471ABFD00A0D081 /* ViewController.swift */; };
		11B9FDF02471ABFD00A0D081 /* Main.storyboard in Resources */ = {isa = PBXBuildFile; fileRef = 11B9FDEE2471ABFD00A0D081 /* Main.storyboard */; };
		11B9FDF22471ABFF00A0D081 /* Assets.xcassets in Resources */ = {isa = PBXBuildFile; fileRef = 11B9FDF12471ABFF00A0D081 /* Assets.xcassets */; };
		11B9FDF52471ABFF00A0D081 /* LaunchScreen.storyboard in Resources */ = {isa = PBXBuildFile; fileRef = 11B9FDF32471ABFF00A0D081 /* LaunchScreen.storyboard */; };
		236DFC9E4A651F3A312DB3CA /* Pods_Greeting.framework in Frameworks */ = {isa = PBXBuildFile; fileRef = 7729DF58954974A9DF970041 /* Pods_Greeting.framework */; };
/* End PBXBuildFile section */

/* Begin PBXFileReference section */
		11B9FDE52471ABFD00A0D081 /* Greeting.app */ = {isa = PBXFileReference; explicitFileType = wrapper.application; includeInIndex = 0; path = Greeting.app; sourceTree = BUILT_PRODUCTS_DIR; };
		11B9FDE82471ABFD00A0D081 /* AppDelegate.swift */ = {isa = PBXFileReference; lastKnownFileType = sourcecode.swift; path = AppDelegate.swift; sourceTree = "<group>"; };
		11B9FDEA2471ABFD00A0D081 /* SceneDelegate.swift */ = {isa = PBXFileReference; lastKnownFileType = sourcecode.swift; path = SceneDelegate.swift; sourceTree = "<group>"; };
		11B9FDEC2471ABFD00A0D081 /* ViewController.swift */ = {isa = PBXFileReference; lastKnownFileType = sourcecode.swift; path = ViewController.swift; sourceTree = "<group>"; };
		11B9FDEF2471ABFD00A0D081 /* Base */ = {isa = PBXFileReference; lastKnownFileType = file.storyboard; name = Base; path = Base.lproj/Main.storyboard; sourceTree = "<group>"; };
		11B9FDF12471ABFF00A0D081 /* Assets.xcassets */ = {isa = PBXFileReference; lastKnownFileType = folder.assetcatalog; path = Assets.xcassets; sourceTree = "<group>"; };
		11B9FDF42471ABFF00A0D081 /* Base */ = {isa = PBXFileReference; lastKnownFileType = file.storyboard; name = Base; path = Base.lproj/LaunchScreen.storyboard; sourceTree = "<group>"; };
		11B9FDF62471ABFF00A0D081 /* Info.plist */ = {isa = PBXFileReference; lastKnownFileType = text.plist.xml; path = Info.plist; sourceTree = "<group>"; };
		7729DF58954974A9DF970041 /* Pods_Greeting.framework */ = {isa = PBXFileReference; explicitFileType = wrapper.framework; includeInIndex = 0; path = Pods_Greeting.framework; sourceTree = BUILT_PRODUCTS_DIR; };
		A3385E48B138F4EA89DB912A /* Pods-Greeting.release.xcconfig */ = {isa = PBXFileReference; includeInIndex = 1; lastKnownFileType = text.xcconfig; name = "Pods-Greeting.release.xcconfig"; path = "Target Support Files/Pods-Greeting/Pods-Greeting.release.xcconfig"; sourceTree = "<group>"; };
		FEBB2A39CE30263D7DAC9FB0 /* Pods-Greeting.debug.xcconfig */ = {isa = PBXFileReference; includeInIndex = 1; lastKnownFileType = text.xcconfig; name = "Pods-Greeting.debug.xcconfig"; path = "Target Support Files/Pods-Greeting/Pods-Greeting.debug.xcconfig"; sourceTree = "<group>"; };
/* End PBXFileReference section */

/* Begin PBXFrameworksBuildPhase section */
		11B9FDE22471ABFD00A0D081 /* Frameworks */ = {
			isa = PBXFrameworksBuildPhase;
			buildActionMask = 2147483647;
			files = (
				236DFC9E4A651F3A312DB3CA /* Pods_Greeting.framework in Frameworks */,
			);
			runOnlyForDeploymentPostprocessing = 0;
		};
/* End PBXFrameworksBuildPhase section */

/* Begin PBXGroup section */
		11B9FDDC2471ABFD00A0D081 = {
			isa = PBXGroup;
			children = (
				11B9FDE72471ABFD00A0D081 /* Greeting */,
				11B9FDE62471ABFD00A0D081 /* Products */,
				C95923EBDC5F419004D3718A /* Pods */,
				7743F14D867B227CF13F7694 /* Frameworks */,
			);
			sourceTree = "<group>";
		};
		11B9FDE62471ABFD00A0D081 /* Products */ = {
			isa = PBXGroup;
			children = (
				11B9FDE52471ABFD00A0D081 /* Greeting.app */,
			);
			name = Products;
			sourceTree = "<group>";
		};
		11B9FDE72471ABFD00A0D081 /* Greeting */ = {
			isa = PBXGroup;
			children = (
				11B9FDE82471ABFD00A0D081 /* AppDelegate.swift */,
				11B9FDEA2471ABFD00A0D081 /* SceneDelegate.swift */,
				11B9FDEC2471ABFD00A0D081 /* ViewController.swift */,
				11B9FDEE2471ABFD00A0D081 /* Main.storyboard */,
				11B9FDF12471ABFF00A0D081 /* Assets.xcassets */,
				11B9FDF32471ABFF00A0D081 /* LaunchScreen.storyboard */,
				11B9FDF62471ABFF00A0D081 /* Info.plist */,
			);
			path = Greeting;
			sourceTree = "<group>";
		};
		7743F14D867B227CF13F7694 /* Frameworks */ = {
			isa = PBXGroup;
			children = (
				7729DF58954974A9DF970041 /* Pods_Greeting.framework */,
			);
			name = Frameworks;
			sourceTree = "<group>";
		};
		C95923EBDC5F419004D3718A /* Pods */ = {
			isa = PBXGroup;
			children = (
				FEBB2A39CE30263D7DAC9FB0 /* Pods-Greeting.debug.xcconfig */,
				A3385E48B138F4EA89DB912A /* Pods-Greeting.release.xcconfig */,
			);
			name = Pods;
			path = Pods;
			sourceTree = "<group>";
		};
/* End PBXGroup section */

/* Begin PBXNativeTarget section */
		11B9FDE42471ABFD00A0D081 /* Greeting */ = {
			isa = PBXNativeTarget;
			buildConfigurationList = 11B9FDF92471ABFF00A0D081 /* Build configuration list for PBXNativeTarget "Greeting" */;
			buildPhases = (
				113D645B456A184007CF01D9 /* [CP] Check Pods Manifest.lock */,
				11B9FDE12471ABFD00A0D081 /* Sources */,
				11B9FDE22471ABFD00A0D081 /* Frameworks */,
				11B9FDE32471ABFD00A0D081 /* Resources */,
				DE44869C31C39B9BB2AC42C7 /* [CP] Embed Pods Frameworks */,
			);
			buildRules = (
			);
			dependencies = (
			);
			name = Greeting;
			productName = Greeting;
			productReference = 11B9FDE52471ABFD00A0D081 /* Greeting.app */;
			productType = "com.apple.product-type.application";
		};
/* End PBXNativeTarget section */

/* Begin PBXProject section */
		11B9FDDD2471ABFD00A0D081 /* Project object */ = {
			isa = PBXProject;
			attributes = {
				LastSwiftUpdateCheck = 1130;
				LastUpgradeCheck = 1130;
				ORGANIZATIONNAME = "Grayson Halliday";
				TargetAttributes = {
					11B9FDE42471ABFD00A0D081 = {
						CreatedOnToolsVersion = 11.3.1;
					};
				};
			};
			buildConfigurationList = 11B9FDE02471ABFD00A0D081 /* Build configuration list for PBXProject "Greeting" */;
			compatibilityVersion = "Xcode 10.0";
			developmentRegion = en;
			hasScannedForEncodings = 0;
			knownRegions = (
				en,
				Base,
			);
			mainGroup = 11B9FDDC2471ABFD00A0D081;
			productRefGroup = 11B9FDE62471ABFD00A0D081 /* Products */;
			projectDirPath = "";
			projectRoot = "";
			targets = (
				11B9FDE42471ABFD00A0D081 /* Greeting */,
			);
		};
/* End PBXProject section */

/* Begin PBXResourcesBuildPhase section */
		11B9FDE32471ABFD00A0D081 /* Resources */ = {
			isa = PBXResourcesBuildPhase;
			buildActionMask = 2147483647;
			files = (
				11B9FDF52471ABFF00A0D081 /* LaunchScreen.storyboard in Resources */,
				11B9FDF22471ABFF00A0D081 /* Assets.xcassets in Resources */,
				11B9FDF02471ABFD00A0D081 /* Main.storyboard in Resources */,
			);
			runOnlyForDeploymentPostprocessing = 0;
		};
/* End PBXResourcesBuildPhase section */

/* Begin PBXShellScriptBuildPhase section */
		113D645B456A184007CF01D9 /* [CP] Check Pods Manifest.lock */ = {
			isa = PBXShellScriptBuildPhase;
			buildActionMask = 2147483647;
			files = (
			);
			inputFileListPaths = (
			);
			inputPaths = (
				"${PODS_PODFILE_DIR_PATH}/Podfile.lock",
				"${PODS_ROOT}/Manifest.lock",
			);
			name = "[CP] Check Pods Manifest.lock";
			outputFileListPaths = (
			);
			outputPaths = (
				"$(DERIVED_FILE_DIR)/Pods-Greeting-checkManifestLockResult.txt",
			);
			runOnlyForDeploymentPostprocessing = 0;
			shellPath = /bin/sh;
			shellScript = "diff \"${PODS_PODFILE_DIR_PATH}/Podfile.lock\" \"${PODS_ROOT}/Manifest.lock\" > /dev/null\nif [ $? != 0 ] ; then\n    # print error to STDERR\n    echo \"error: The sandbox is not in sync with the Podfile.lock. Run 'pod install' or update your CocoaPods installation.\" >&2\n    exit 1\nfi\n# This output is used by Xcode 'outputs' to avoid re-running this script phase.\necho \"SUCCESS\" > \"${SCRIPT_OUTPUT_FILE_0}\"\n";
			showEnvVarsInLog = 0;
		};
		DE44869C31C39B9BB2AC42C7 /* [CP] Embed Pods Frameworks */ = {
			isa = PBXShellScriptBuildPhase;
			buildActionMask = 2147483647;
			files = (
			);
			inputFileListPaths = (
				"${PODS_ROOT}/Target Support Files/Pods-Greeting/Pods-Greeting-frameworks-${CONFIGURATION}-input-files.xcfilelist",
			);
			name = "[CP] Embed Pods Frameworks";
			outputFileListPaths = (
				"${PODS_ROOT}/Target Support Files/Pods-Greeting/Pods-Greeting-frameworks-${CONFIGURATION}-output-files.xcfilelist",
			);
			runOnlyForDeploymentPostprocessing = 0;
			shellPath = /bin/sh;
			shellScript = "\"${PODS_ROOT}/Target Support Files/Pods-Greeting/Pods-Greeting-frameworks.sh\"\n";
			showEnvVarsInLog = 0;
		};
/* End PBXShellScriptBuildPhase section */

/* Begin PBXSourcesBuildPhase section */
		11B9FDE12471ABFD00A0D081 /* Sources */ = {
			isa = PBXSourcesBuildPhase;
			buildActionMask = 2147483647;
			files = (
				11B9FDED2471ABFD00A0D081 /* ViewController.swift in Sources */,
				11B9FDE92471ABFD00A0D081 /* AppDelegate.swift in Sources */,
				11B9FDEB2471ABFD00A0D081 /* SceneDelegate.swift in Sources */,
			);
			runOnlyForDeploymentPostprocessing = 0;
		};
/* End PBXSourcesBuildPhase section */

/* Begin PBXVariantGroup section */
		11B9FDEE2471ABFD00A0D081 /* Main.storyboard */ = {
			isa = PBXVariantGroup;
			children = (
				11B9FDEF2471ABFD00A0D081 /* Base */,
			);
			name = Main.storyboard;
			sourceTree = "<group>";
		};
		11B9FDF32471ABFF00A0D081 /* LaunchScreen.storyboard */ = {
			isa = PBXVariantGroup;
			children = (
				11B9FDF42471ABFF00A0D081 /* Base */,
			);
			name = LaunchScreen.storyboard;
			sourceTree = "<group>";
		};
/* End PBXVariantGroup section */

/* Begin XCBuildConfiguration section */
		11B9FDF72471ABFF00A0D081 /* Debug */ = {
			isa = XCBuildConfiguration;
			buildSettings = {
				ALWAYS_SEARCH_USER_PATHS = NO;
				CLANG_ANALYZER_NONNULL = YES;
				CLANG_ANALYZER_NUMBER_OBJECT_CONVERSION = YES_AGGRESSIVE;
				CLANG_CXX_LANGUAGE_STANDARD = "gnu++14";
				CLANG_CXX_LIBRARY = "libc++";
				CLANG_ENABLE_MODULES = YES;
				CLANG_ENABLE_OBJC_ARC = YES;
				CLANG_ENABLE_OBJC_WEAK = YES;
				CLANG_WARN_BLOCK_CAPTURE_AUTORELEASING = YES;
				CLANG_WARN_BOOL_CONVERSION = YES;
				CLANG_WARN_COMMA = YES;
				CLANG_WARN_CONSTANT_CONVERSION = YES;
				CLANG_WARN_DEPRECATED_OBJC_IMPLEMENTATIONS = YES;
				CLANG_WARN_DIRECT_OBJC_ISA_USAGE = YES_ERROR;
				CLANG_WARN_DOCUMENTATION_COMMENTS = YES;
				CLANG_WARN_EMPTY_BODY = YES;
				CLANG_WARN_ENUM_CONVERSION = YES;
				CLANG_WARN_INFINITE_RECURSION = YES;
				CLANG_WARN_INT_CONVERSION = YES;
				CLANG_WARN_NON_LITERAL_NULL_CONVERSION = YES;
				CLANG_WARN_OBJC_IMPLICIT_RETAIN_SELF = YES;
				CLANG_WARN_OBJC_LITERAL_CONVERSION = YES;
				CLANG_WARN_OBJC_ROOT_CLASS = YES_ERROR;
				CLANG_WARN_RANGE_LOOP_ANALYSIS = YES;
				CLANG_WARN_STRICT_PROTOTYPES = YES;
				CLANG_WARN_SUSPICIOUS_MOVE = YES;
				CLANG_WARN_UNGUARDED_AVAILABILITY = YES_AGGRESSIVE;
				CLANG_WARN_UNREACHABLE_CODE = YES;
				CLANG_WARN__DUPLICATE_METHOD_MATCH = YES;
				COPY_PHASE_STRIP = NO;
				DEBUG_INFORMATION_FORMAT = dwarf;
				ENABLE_STRICT_OBJC_MSGSEND = YES;
				ENABLE_TESTABILITY = YES;
				GCC_C_LANGUAGE_STANDARD = gnu11;
				GCC_DYNAMIC_NO_PIC = NO;
				GCC_NO_COMMON_BLOCKS = YES;
				GCC_OPTIMIZATION_LEVEL = 0;
				GCC_PREPROCESSOR_DEFINITIONS = (
					"DEBUG=1",
					"$(inherited)",
				);
				GCC_WARN_64_TO_32_BIT_CONVERSION = YES;
				GCC_WARN_ABOUT_RETURN_TYPE = YES_ERROR;
				GCC_WARN_UNDECLARED_SELECTOR = YES;
				GCC_WARN_UNINITIALIZED_AUTOS = YES_AGGRESSIVE;
				GCC_WARN_UNUSED_FUNCTION = YES;
				GCC_WARN_UNUSED_VARIABLE = YES;
				IPHONEOS_DEPLOYMENT_TARGET = 13.2;
				MTL_ENABLE_DEBUG_INFO = INCLUDE_SOURCE;
				MTL_FAST_MATH = YES;
				ONLY_ACTIVE_ARCH = YES;
				SDKROOT = iphoneos;
				SWIFT_ACTIVE_COMPILATION_CONDITIONS = DEBUG;
				SWIFT_OPTIMIZATION_LEVEL = "-Onone";
			};
			name = Debug;
		};
		11B9FDF82471ABFF00A0D081 /* Release */ = {
			isa = XCBuildConfiguration;
			buildSettings = {
				ALWAYS_SEARCH_USER_PATHS = NO;
				CLANG_ANALYZER_NONNULL = YES;
				CLANG_ANALYZER_NUMBER_OBJECT_CONVERSION = YES_AGGRESSIVE;
				CLANG_CXX_LANGUAGE_STANDARD = "gnu++14";
				CLANG_CXX_LIBRARY = "libc++";
				CLANG_ENABLE_MODULES = YES;
				CLANG_ENABLE_OBJC_ARC = YES;
				CLANG_ENABLE_OBJC_WEAK = YES;
				CLANG_WARN_BLOCK_CAPTURE_AUTORELEASING = YES;
				CLANG_WARN_BOOL_CONVERSION = YES;
				CLANG_WARN_COMMA = YES;
				CLANG_WARN_CONSTANT_CONVERSION = YES;
				CLANG_WARN_DEPRECATED_OBJC_IMPLEMENTATIONS = YES;
				CLANG_WARN_DIRECT_OBJC_ISA_USAGE = YES_ERROR;
				CLANG_WARN_DOCUMENTATION_COMMENTS = YES;
				CLANG_WARN_EMPTY_BODY = YES;
				CLANG_WARN_ENUM_CONVERSION = YES;
				CLANG_WARN_INFINITE_RECURSION = YES;
				CLANG_WARN_INT_CONVERSION = YES;
				CLANG_WARN_NON_LITERAL_NULL_CONVERSION = YES;
				CLANG_WARN_OBJC_IMPLICIT_RETAIN_SELF = YES;
				CLANG_WARN_OBJC_LITERAL_CONVERSION = YES;
				CLANG_WARN_OBJC_ROOT_CLASS = YES_ERROR;
				CLANG_WARN_RANGE_LOOP_ANALYSIS = YES;
				CLANG_WARN_STRICT_PROTOTYPES = YES;
				CLANG_WARN_SUSPICIOUS_MOVE = YES;
				CLANG_WARN_UNGUARDED_AVAILABILITY = YES_AGGRESSIVE;
				CLANG_WARN_UNREACHABLE_CODE = YES;
				CLANG_WARN__DUPLICATE_METHOD_MATCH = YES;
				COPY_PHASE_STRIP = NO;
				DEBUG_INFORMATION_FORMAT = "dwarf-with-dsym";
				ENABLE_NS_ASSERTIONS = NO;
				ENABLE_STRICT_OBJC_MSGSEND = YES;
				GCC_C_LANGUAGE_STANDARD = gnu11;
				GCC_NO_COMMON_BLOCKS = YES;
				GCC_WARN_64_TO_32_BIT_CONVERSION = YES;
				GCC_WARN_ABOUT_RETURN_TYPE = YES_ERROR;
				GCC_WARN_UNDECLARED_SELECTOR = YES;
				GCC_WARN_UNINITIALIZED_AUTOS = YES_AGGRESSIVE;
				GCC_WARN_UNUSED_FUNCTION = YES;
				GCC_WARN_UNUSED_VARIABLE = YES;
				IPHONEOS_DEPLOYMENT_TARGET = 13.2;
				MTL_ENABLE_DEBUG_INFO = NO;
				MTL_FAST_MATH = YES;
				SDKROOT = iphoneos;
				SWIFT_COMPILATION_MODE = wholemodule;
				SWIFT_OPTIMIZATION_LEVEL = "-O";
				VALIDATE_PRODUCT = YES;
			};
			name = Release;
		};
		11B9FDFA2471ABFF00A0D081 /* Debug */ = {
			isa = XCBuildConfiguration;
			baseConfigurationReference = FEBB2A39CE30263D7DAC9FB0 /* Pods-Greeting.debug.xcconfig */;
			buildSettings = {
				ASSETCATALOG_COMPILER_APPICON_NAME = AppIcon;
				CODE_SIGN_STYLE = Automatic;
				DEVELOPMENT_TEAM = JVZWFNKUQ6;
				INFOPLIST_FILE = Greeting/Info.plist;
				LD_RUNPATH_SEARCH_PATHS = (
					"$(inherited)",
					"@executable_path/Frameworks",
				);
				PRODUCT_BUNDLE_IDENTIFIER = gh.Greeting;
				PRODUCT_NAME = "$(TARGET_NAME)";
				SWIFT_VERSION = 5.0;
				TARGETED_DEVICE_FAMILY = "1,2";
			};
			name = Debug;
		};
		11B9FDFB2471ABFF00A0D081 /* Release */ = {
			isa = XCBuildConfiguration;
			baseConfigurationReference = A3385E48B138F4EA89DB912A /* Pods-Greeting.release.xcconfig */;
			buildSettings = {
				ASSETCATALOG_COMPILER_APPICON_NAME = AppIcon;
				CODE_SIGN_STYLE = Automatic;
				DEVELOPMENT_TEAM = JVZWFNKUQ6;
				INFOPLIST_FILE = Greeting/Info.plist;
				LD_RUNPATH_SEARCH_PATHS = (
					"$(inherited)",
					"@executable_path/Frameworks",
				);
				PRODUCT_BUNDLE_IDENTIFIER = gh.Greeting;
				PRODUCT_NAME = "$(TARGET_NAME)";
				SWIFT_VERSION = 5.0;
				TARGETED_DEVICE_FAMILY = "1,2";
			};
			name = Release;
		};
/* End XCBuildConfiguration section */

/* Begin XCConfigurationList section */
		11B9FDE02471ABFD00A0D081 /* Build configuration list for PBXProject "Greeting" */ = {
			isa = XCConfigurationList;
			buildConfigurations = (
				11B9FDF72471ABFF00A0D081 /* Debug */,
				11B9FDF82471ABFF00A0D081 /* Release */,
			);
			defaultConfigurationIsVisible = 0;
			defaultConfigurationName = Release;
		};
		11B9FDF92471ABFF00A0D081 /* Build configuration list for PBXNativeTarget "Greeting" */ = {
			isa = XCConfigurationList;
			buildConfigurations = (
				11B9FDFA2471ABFF00A0D081 /* Debug */,
				11B9FDFB2471ABFF00A0D081 /* Release */,
			);
			defaultConfigurationIsVisible = 0;
			defaultConfigurationName = Release;
		};
/* End XCConfigurationList section */
	};
	rootObject = 11B9FDDD2471ABFD00A0D081 /* Project object */;
}
